
Microsoft Visual Studio Solution File, Format Version 12.00
# Visual Studio Version 17
VisualStudioVersion = 17.1.32407.343
MinimumVisualStudioVersion = 10.0.40219.1
Project("{FAE04EC0-301F-11D3-BF4B-00C04F79EFBC}") = "deneme3", "deneme3.csproj", "{9BC3F927-6302-4A57-9395-2AB4E459AAEE}"
EndProject
Global
	GlobalSection(SolutionConfigurationPlatforms) = preSolution
		Debug|Any CPU = Debug|Any CPU
		Release|Any CPU = Release|Any CPU
	EndGlobalSection
	GlobalSection(ProjectConfigurationPlatforms) = postSolution
		{9BC3F927-6302-4A57-9395-2AB4E459AAEE}.Debug|Any CPU.ActiveCfg = Debug|Any CPU
		{9BC3F927-6302-4A57-9395-2AB4E459AAEE}.Debug|Any CPU.Build.0 = Debug|Any CPU
		{9BC3F927-6302-4A57-9395-2AB4E459AAEE}.Release|Any CPU.ActiveCfg = Release|Any CPU
		{9BC3F927-6302-4A57-9395-2AB4E459AAEE}.Release|Any CPU.Build.0 = Release|Any CPU
	EndGlobalSection
	GlobalSection(SolutionProperties) = preSolution
		HideSolutionNode = FALSE
	EndGlobalSection
	GlobalSection(ExtensibilityGlobals) = postSolution
		SolutionGuid = {2597CEF4-7D21-4DA2-AA96-2121F5BC96A2}
	EndGlobalSection
EndGlobal
